
Microsoft Visual Studio Solution File, Format Version 12.00
# Visual Studio Version 16
VisualStudioVersion = 16.0.32228.343
MinimumVisualStudioVersion = 10.0.40219.1
Project("{2150E333-8FDC-42A3-9474-1A3956D46DE8}") = "Solution Items", "Solution Items", "{090973C0-84D9-409B-A447-1EBEC8C3CB1F}"
	ProjectSection(SolutionItems) = preProject
		index.html = index.html
	EndProjectSection
EndProject
Project("{2150E333-8FDC-42A3-9474-1A3956D46DE8}") = "img", "img", "{1E94D19A-EC06-4F1B-AF07-C58AFA3DEA2F}"
	ProjectSection(SolutionItems) = preProject
		img\ic-sonic.png = img\ic-sonic.png
		img\kart-sonic.png = img\kart-sonic.png
		img\lg-sonic.png = img\lg-sonic.png
		img\sm-sonic.png = img\sm-sonic.png
	EndProjectSection
EndProject
Global
	GlobalSection(SolutionProperties) = preSolution
		HideSolutionNode = FALSE
	EndGlobalSection
	GlobalSection(NestedProjects) = preSolution
		{1E94D19A-EC06-4F1B-AF07-C58AFA3DEA2F} = {090973C0-84D9-409B-A447-1EBEC8C3CB1F}
	EndGlobalSection
	GlobalSection(ExtensibilityGlobals) = postSolution
		SolutionGuid = {57F78FDD-0A59-4DA1-8F6D-875D8D31B50D}
	EndGlobalSection
EndGlobal
